// !$*UTF8*$!
{
	archiveVersion = 1;
	classes = {
	};
	objectVersion = 55;
	objects = {

/* Begin PBXBuildFile section */
		0D9127D628DA151F00ACD5FA /* AppDelegate.swift in Sources */ = {isa = PBXBuildFile; fileRef = 0D9127D528DA151F00ACD5FA /* AppDelegate.swift */; };
		0D9127D828DA151F00ACD5FA /* SceneDelegate.swift in Sources */ = {isa = PBXBuildFile; fileRef = 0D9127D728DA151F00ACD5FA /* SceneDelegate.swift */; };
		0D9127DA28DA151F00ACD5FA /* ViewController.swift in Sources */ = {isa = PBXBuildFile; fileRef = 0D9127D928DA151F00ACD5FA /* ViewController.swift */; };
		0D9127DD28DA151F00ACD5FA /* Main.storyboard in Resources */ = {isa = PBXBuildFile; fileRef = 0D9127DB28DA151F00ACD5FA /* Main.storyboard */; };
		0D9127DF28DA152300ACD5FA /* Assets.xcassets in Resources */ = {isa = PBXBuildFile; fileRef = 0D9127DE28DA152300ACD5FA /* Assets.xcassets */; };
		0D9127E228DA152300ACD5FA /* LaunchScreen.storyboard in Resources */ = {isa = PBXBuildFile; fileRef = 0D9127E028DA152300ACD5FA /* LaunchScreen.storyboard */; };
		0D9127ED28DA1C1E00ACD5FA /* VipRechargeStrategy.swift in Sources */ = {isa = PBXBuildFile; fileRef = 0D9127EC28DA1C1E00ACD5FA /* VipRechargeStrategy.swift */; };
		0D9127F028DA1F3600ACD5FA /* VipRechargeFactory.swift in Sources */ = {isa = PBXBuildFile; fileRef = 0D9127EF28DA1F3600ACD5FA /* VipRechargeFactory.swift */; };
/* End PBXBuildFile section */

/* Begin PBXFileReference section */
		0D9127D228DA151F00ACD5FA /* CodeOptimization.app */ = {isa = PBXFileReference; explicitFileType = wrapper.application; includeInIndex = 0; path = CodeOptimization.app; sourceTree = BUILT_PRODUCTS_DIR; };
		0D9127D528DA151F00ACD5FA /* AppDelegate.swift */ = {isa = PBXFileReference; lastKnownFileType = sourcecode.swift; path = AppDelegate.swift; sourceTree = "<group>"; };
		0D9127D728DA151F00ACD5FA /* SceneDelegate.swift */ = {isa = PBXFileReference; lastKnownFileType = sourcecode.swift; path = SceneDelegate.swift; sourceTree = "<group>"; };
		0D9127D928DA151F00ACD5FA /* ViewController.swift */ = {isa = PBXFileReference; lastKnownFileType = sourcecode.swift; path = ViewController.swift; sourceTree = "<group>"; };
		0D9127DC28DA151F00ACD5FA /* Base */ = {isa = PBXFileReference; lastKnownFileType = file.storyboard; name = Base; path = Base.lproj/Main.storyboard; sourceTree = "<group>"; };
		0D9127DE28DA152300ACD5FA /* Assets.xcassets */ = {isa = PBXFileReference; lastKnownFileType = folder.assetcatalog; path = Assets.xcassets; sourceTree = "<group>"; };
		0D9127E128DA152300ACD5FA /* Base */ = {isa = PBXFileReference; lastKnownFileType = file.storyboard; name = Base; path = Base.lproj/LaunchScreen.storyboard; sourceTree = "<group>"; };
		0D9127E328DA152300ACD5FA /* Info.plist */ = {isa = PBXFileReference; lastKnownFileType = text.plist.xml; path = Info.plist; sourceTree = "<group>"; };
		0D9127EC28DA1C1E00ACD5FA /* VipRechargeStrategy.swift */ = {isa = PBXFileReference; fileEncoding = 4; lastKnownFileType = sourcecode.swift; path = VipRechargeStrategy.swift; sourceTree = "<group>"; };
		0D9127EF28DA1F3600ACD5FA /* VipRechargeFactory.swift */ = {isa = PBXFileReference; lastKnownFileType = sourcecode.swift; path = VipRechargeFactory.swift; sourceTree = "<group>"; };
/* End PBXFileReference section */

/* Begin PBXFrameworksBuildPhase section */
		0D9127CF28DA151E00ACD5FA /* Frameworks */ = {
			isa = PBXFrameworksBuildPhase;
			buildActionMask = 2147483647;
			files = (
			);
			runOnlyForDeploymentPostprocessing = 0;
		};
/* End PBXFrameworksBuildPhase section */

/* Begin PBXGroup section */
		0D9127C928DA151E00ACD5FA = {
			isa = PBXGroup;
			children = (
				0D9127D428DA151F00ACD5FA /* CodeOptimization */,
				0D9127D328DA151F00ACD5FA /* Products */,
			);
			sourceTree = "<group>";
		};
		0D9127D328DA151F00ACD5FA /* Products */ = {
			isa = PBXGroup;
			children = (
				0D9127D228DA151F00ACD5FA /* CodeOptimization.app */,
			);
			name = Products;
			sourceTree = "<group>";
		};
		0D9127D428DA151F00ACD5FA /* CodeOptimization */ = {
			isa = PBXGroup;
			children = (
				0D9127EE28DA1EFC00ACD5FA /* Optimiztion2 */,
				0D9127EB28DA1C0900ACD5FA /* Optimiztion */,
				0D9127D528DA151F00ACD5FA /* AppDelegate.swift */,
				0D9127D728DA151F00ACD5FA /* SceneDelegate.swift */,
				0D9127D928DA151F00ACD5FA /* ViewController.swift */,
				0D9127DB28DA151F00ACD5FA /* Main.storyboard */,
				0D9127DE28DA152300ACD5FA /* Assets.xcassets */,
				0D9127E028DA152300ACD5FA /* LaunchScreen.storyboard */,
				0D9127E328DA152300ACD5FA /* Info.plist */,
			);
			path = CodeOptimization;
			sourceTree = "<group>";
		};
		0D9127EB28DA1C0900ACD5FA /* Optimiztion */ = {
			isa = PBXGroup;
			children = (
				0D9127EC28DA1C1E00ACD5FA /* VipRechargeStrategy.swift */,
			);
			path = Optimiztion;
			sourceTree = "<group>";
		};
		0D9127EE28DA1EFC00ACD5FA /* Optimiztion2 */ = {
			isa = PBXGroup;
			children = (
				0D9127EF28DA1F3600ACD5FA /* VipRechargeFactory.swift */,
			);
			path = Optimiztion2;
			sourceTree = "<group>";
		};
/* End PBXGroup section */

/* Begin PBXNativeTarget section */
		0D9127D128DA151E00ACD5FA /* CodeOptimization */ = {
			isa = PBXNativeTarget;
			buildConfigurationList = 0D9127E628DA152300ACD5FA /* Build configuration list for PBXNativeTarget "CodeOptimization" */;
			buildPhases = (
				0D9127CE28DA151E00ACD5FA /* Sources */,
				0D9127CF28DA151E00ACD5FA /* Frameworks */,
				0D9127D028DA151E00ACD5FA /* Resources */,
			);
			buildRules = (
			);
			dependencies = (
			);
			name = CodeOptimization;
			productName = CodeOptimization;
			productReference = 0D9127D228DA151F00ACD5FA /* CodeOptimization.app */;
			productType = "com.apple.product-type.application";
		};
/* End PBXNativeTarget section */

/* Begin PBXProject section */
		0D9127CA28DA151E00ACD5FA /* Project object */ = {
			isa = PBXProject;
			attributes = {
				BuildIndependentTargetsInParallel = 1;
				LastSwiftUpdateCheck = 1340;
				LastUpgradeCheck = 1340;
				TargetAttributes = {
					0D9127D128DA151E00ACD5FA = {
						CreatedOnToolsVersion = 13.4.1;
					};
				};
			};
			buildConfigurationList = 0D9127CD28DA151E00ACD5FA /* Build configuration list for PBXProject "CodeOptimization" */;
			compatibilityVersion = "Xcode 13.0";
			developmentRegion = en;
			hasScannedForEncodings = 0;
			knownRegions = (
				en,
				Base,
			);
			mainGroup = 0D9127C928DA151E00ACD5FA;
			productRefGroup = 0D9127D328DA151F00ACD5FA /* Products */;
			projectDirPath = "";
			projectRoot = "";
			targets = (
				0D9127D128DA151E00ACD5FA /* CodeOptimization */,
			);
		};
/* End PBXProject section */

/* Begin PBXResourcesBuildPhase section */
		0D9127D028DA151E00ACD5FA /* Resources */ = {
			isa = PBXResourcesBuildPhase;
			buildActionMask = 2147483647;
			files = (
				0D9127E228DA152300ACD5FA /* LaunchScreen.storyboard in Resources */,
				0D9127DF28DA152300ACD5FA /* Assets.xcassets in Resources */,
				0D9127DD28DA151F00ACD5FA /* Main.storyboard in Resources */,
			);
			runOnlyForDeploymentPostprocessing = 0;
		};
/* End PBXResourcesBuildPhase section */

/* Begin PBXSourcesBuildPhase section */
		0D9127CE28DA151E00ACD5FA /* Sources */ = {
			isa = PBXSourcesBuildPhase;
			buildActionMask = 2147483647;
			files = (
				0D9127DA28DA151F00ACD5FA /* ViewController.swift in Sources */,
				0D9127ED28DA1C1E00ACD5FA /* VipRechargeStrategy.swift in Sources */,
				0D9127F028DA1F3600ACD5FA /* VipRechargeFactory.swift in Sources */,
				0D9127D628DA151F00ACD5FA /* AppDelegate.swift in Sources */,
				0D9127D828DA151F00ACD5FA /* SceneDelegate.swift in Sources */,
			);
			runOnlyForDeploymentPostprocessing = 0;
		};
/* End PBXSourcesBuildPhase section */

/* Begin PBXVariantGroup section */
		0D9127DB28DA151F00ACD5FA /* Main.storyboard */ = {
			isa = PBXVariantGroup;
			children = (
				0D9127DC28DA151F00ACD5FA /* Base */,
			);
			name = Main.storyboard;
			sourceTree = "<group>";
		};
		0D9127E028DA152300ACD5FA /* LaunchScreen.storyboard */ = {
			isa = PBXVariantGroup;
			children = (
				0D9127E128DA152300ACD5FA /* Base */,
			);
			name = LaunchScreen.storyboard;
			sourceTree = "<group>";
		};
/* End PBXVariantGroup section */

/* Begin XCBuildConfiguration section */
		0D9127E428DA152300ACD5FA /* Debug */ = {
			isa = XCBuildConfiguration;
			buildSettings = {
				ALWAYS_SEARCH_USER_PATHS = NO;
				CLANG_ANALYZER_NONNULL = YES;
				CLANG_ANALYZER_NUMBER_OBJECT_CONVERSION = YES_AGGRESSIVE;
				CLANG_CXX_LANGUAGE_STANDARD = "gnu++17";
				CLANG_ENABLE_MODULES = YES;
				CLANG_ENABLE_OBJC_ARC = YES;
				CLANG_ENABLE_OBJC_WEAK = YES;
				CLANG_WARN_BLOCK_CAPTURE_AUTORELEASING = YES;
				CLANG_WARN_BOOL_CONVERSION = YES;
				CLANG_WARN_COMMA = YES;
				CLANG_WARN_CONSTANT_CONVERSION = YES;
				CLANG_WARN_DEPRECATED_OBJC_IMPLEMENTATIONS = YES;
				CLANG_WARN_DIRECT_OBJC_ISA_USAGE = YES_ERROR;
				CLANG_WARN_DOCUMENTATION_COMMENTS = YES;
				CLANG_WARN_EMPTY_BODY = YES;
				CLANG_WARN_ENUM_CONVERSION = YES;
				CLANG_WARN_INFINITE_RECURSION = YES;
				CLANG_WARN_INT_CONVERSION = YES;
				CLANG_WARN_NON_LITERAL_NULL_CONVERSION = YES;
				CLANG_WARN_OBJC_IMPLICIT_RETAIN_SELF = YES;
				CLANG_WARN_OBJC_LITERAL_CONVERSION = YES;
				CLANG_WARN_OBJC_ROOT_CLASS = YES_ERROR;
				CLANG_WARN_QUOTED_INCLUDE_IN_FRAMEWORK_HEADER = YES;
				CLANG_WARN_RANGE_LOOP_ANALYSIS = YES;
				CLANG_WARN_STRICT_PROTOTYPES = YES;
				CLANG_WARN_SUSPICIOUS_MOVE = YES;
				CLANG_WARN_UNGUARDED_AVAILABILITY = YES_AGGRESSIVE;
				CLANG_WARN_UNREACHABLE_CODE = YES;
				CLANG_WARN__DUPLICATE_METHOD_MATCH = YES;
				COPY_PHASE_STRIP = NO;
				DEBUG_INFORMATION_FORMAT = dwarf;
				ENABLE_STRICT_OBJC_MSGSEND = YES;
				ENABLE_TESTABILITY = YES;
				GCC_C_LANGUAGE_STANDARD = gnu11;
				GCC_DYNAMIC_NO_PIC = NO;
				GCC_NO_COMMON_BLOCKS = YES;
				GCC_OPTIMIZATION_LEVEL = 0;
				GCC_PREPROCESSOR_DEFINITIONS = (
					"DEBUG=1",
					"$(inherited)",
				);
				GCC_WARN_64_TO_32_BIT_CONVERSION = YES;
				GCC_WARN_ABOUT_RETURN_TYPE = YES_ERROR;
				GCC_WARN_UNDECLARED_SELECTOR = YES;
				GCC_WARN_UNINITIALIZED_AUTOS = YES_AGGRESSIVE;
				GCC_WARN_UNUSED_FUNCTION = YES;
				GCC_WARN_UNUSED_VARIABLE = YES;
				IPHONEOS_DEPLOYMENT_TARGET = 15.5;
				MTL_ENABLE_DEBUG_INFO = INCLUDE_SOURCE;
				MTL_FAST_MATH = YES;
				ONLY_ACTIVE_ARCH = YES;
				SDKROOT = iphoneos;
				SWIFT_ACTIVE_COMPILATION_CONDITIONS = DEBUG;
				SWIFT_OPTIMIZATION_LEVEL = "-Onone";
			};
			name = Debug;
		};
		0D9127E528DA152300ACD5FA /* Release */ = {
			isa = XCBuildConfiguration;
			buildSettings = {
				ALWAYS_SEARCH_USER_PATHS = NO;
				CLANG_ANALYZER_NONNULL = YES;
				CLANG_ANALYZER_NUMBER_OBJECT_CONVERSION = YES_AGGRESSIVE;
				CLANG_CXX_LANGUAGE_STANDARD = "gnu++17";
				CLANG_ENABLE_MODULES = YES;
				CLANG_ENABLE_OBJC_ARC = YES;
				CLANG_ENABLE_OBJC_WEAK = YES;
				CLANG_WARN_BLOCK_CAPTURE_AUTORELEASING = YES;
				CLANG_WARN_BOOL_CONVERSION = YES;
				CLANG_WARN_COMMA = YES;
				CLANG_WARN_CONSTANT_CONVERSION = YES;
				CLANG_WARN_DEPRECATED_OBJC_IMPLEMENTATIONS = YES;
				CLANG_WARN_DIRECT_OBJC_ISA_USAGE = YES_ERROR;
				CLANG_WARN_DOCUMENTATION_COMMENTS = YES;
				CLANG_WARN_EMPTY_BODY = YES;
				CLANG_WARN_ENUM_CONVERSION = YES;
				CLANG_WARN_INFINITE_RECURSION = YES;
				CLANG_WARN_INT_CONVERSION = YES;
				CLANG_WARN_NON_LITERAL_NULL_CONVERSION = YES;
				CLANG_WARN_OBJC_IMPLICIT_RETAIN_SELF = YES;
				CLANG_WARN_OBJC_LITERAL_CONVERSION = YES;
				CLANG_WARN_OBJC_ROOT_CLASS = YES_ERROR;
				CLANG_WARN_QUOTED_INCLUDE_IN_FRAMEWORK_HEADER = YES;
				CLANG_WARN_RANGE_LOOP_ANALYSIS = YES;
				CLANG_WARN_STRICT_PROTOTYPES = YES;
				CLANG_WARN_SUSPICIOUS_MOVE = YES;
				CLANG_WARN_UNGUARDED_AVAILABILITY = YES_AGGRESSIVE;
				CLANG_WARN_UNREACHABLE_CODE = YES;
				CLANG_WARN__DUPLICATE_METHOD_MATCH = YES;
				COPY_PHASE_STRIP = NO;
				DEBUG_INFORMATION_FORMAT = "dwarf-with-dsym";
				ENABLE_NS_ASSERTIONS = NO;
				ENABLE_STRICT_OBJC_MSGSEND = YES;
				GCC_C_LANGUAGE_STANDARD = gnu11;
				GCC_NO_COMMON_BLOCKS = YES;
				GCC_WARN_64_TO_32_BIT_CONVERSION = YES;
				GCC_WARN_ABOUT_RETURN_TYPE = YES_ERROR;
				GCC_WARN_UNDECLARED_SELECTOR = YES;
				GCC_WARN_UNINITIALIZED_AUTOS = YES_AGGRESSIVE;
				GCC_WARN_UNUSED_FUNCTION = YES;
				GCC_WARN_UNUSED_VARIABLE = YES;
				IPHONEOS_DEPLOYMENT_TARGET = 15.5;
				MTL_ENABLE_DEBUG_INFO = NO;
				MTL_FAST_MATH = YES;
				SDKROOT = iphoneos;
				SWIFT_COMPILATION_MODE = wholemodule;
				SWIFT_OPTIMIZATION_LEVEL = "-O";
				VALIDATE_PRODUCT = YES;
			};
			name = Release;
		};
		0D9127E728DA152300ACD5FA /* Debug */ = {
			isa = XCBuildConfiguration;
			buildSettings = {
				ASSETCATALOG_COMPILER_APPICON_NAME = AppIcon;
				ASSETCATALOG_COMPILER_GLOBAL_ACCENT_COLOR_NAME = AccentColor;
				CODE_SIGN_STYLE = Automatic;
				CURRENT_PROJECT_VERSION = 1;
				GENERATE_INFOPLIST_FILE = YES;
				INFOPLIST_FILE = CodeOptimization/Info.plist;
				INFOPLIST_KEY_UIApplicationSupportsIndirectInputEvents = YES;
				INFOPLIST_KEY_UILaunchStoryboardName = LaunchScreen;
				INFOPLIST_KEY_UIMainStoryboardFile = Main;
				INFOPLIST_KEY_UISupportedInterfaceOrientations_iPad = "UIInterfaceOrientationPortrait UIInterfaceOrientationPortraitUpsideDown UIInterfaceOrientationLandscapeLeft UIInterfaceOrientationLandscapeRight";
				INFOPLIST_KEY_UISupportedInterfaceOrientations_iPhone = "UIInterfaceOrientationPortrait UIInterfaceOrientationLandscapeLeft UIInterfaceOrientationLandscapeRight";
				LD_RUNPATH_SEARCH_PATHS = (
					"$(inherited)",
					"@executable_path/Frameworks",
				);
				MARKETING_VERSION = 1.0;
				PRODUCT_BUNDLE_IDENTIFIER = andy.CodeOptimization;
				PRODUCT_NAME = "$(TARGET_NAME)";
				SWIFT_EMIT_LOC_STRINGS = YES;
				SWIFT_VERSION = 5.0;
				TARGETED_DEVICE_FAMILY = "1,2";
			};
			name = Debug;
		};
		0D9127E828DA152300ACD5FA /* Release */ = {
			isa = XCBuildConfiguration;
			buildSettings = {
				ASSETCATALOG_COMPILER_APPICON_NAME = AppIcon;
				ASSETCATALOG_COMPILER_GLOBAL_ACCENT_COLOR_NAME = AccentColor;
				CODE_SIGN_STYLE = Automatic;
				CURRENT_PROJECT_VERSION = 1;
				GENERATE_INFOPLIST_FILE = YES;
				INFOPLIST_FILE = CodeOptimization/Info.plist;
				INFOPLIST_KEY_UIApplicationSupportsIndirectInputEvents = YES;
				INFOPLIST_KEY_UILaunchStoryboardName = LaunchScreen;
				INFOPLIST_KEY_UIMainStoryboardFile = Main;
				INFOPLIST_KEY_UISupportedInterfaceOrientations_iPad = "UIInterfaceOrientationPortrait UIInterfaceOrientationPortraitUpsideDown UIInterfaceOrientationLandscapeLeft UIInterfaceOrientationLandscapeRight";
				INFOPLIST_KEY_UISupportedInterfaceOrientations_iPhone = "UIInterfaceOrientationPortrait UIInterfaceOrientationLandscapeLeft UIInterfaceOrientationLandscapeRight";
				LD_RUNPATH_SEARCH_PATHS = (
					"$(inherited)",
					"@executable_path/Frameworks",
				);
				MARKETING_VERSION = 1.0;
				PRODUCT_BUNDLE_IDENTIFIER = andy.CodeOptimization;
				PRODUCT_NAME = "$(TARGET_NAME)";
				SWIFT_EMIT_LOC_STRINGS = YES;
				SWIFT_VERSION = 5.0;
				TARGETED_DEVICE_FAMILY = "1,2";
			};
			name = Release;
		};
/* End XCBuildConfiguration section */

/* Begin XCConfigurationList section */
		0D9127CD28DA151E00ACD5FA /* Build configuration list for PBXProject "CodeOptimization" */ = {
			isa = XCConfigurationList;
			buildConfigurations = (
				0D9127E428DA152300ACD5FA /* Debug */,
				0D9127E528DA152300ACD5FA /* Release */,
			);
			defaultConfigurationIsVisible = 0;
			defaultConfigurationName = Release;
		};
		0D9127E628DA152300ACD5FA /* Build configuration list for PBXNativeTarget "CodeOptimization" */ = {
			isa = XCConfigurationList;
			buildConfigurations = (
				0D9127E728DA152300ACD5FA /* Debug */,
				0D9127E828DA152300ACD5FA /* Release */,
			);
			defaultConfigurationIsVisible = 0;
			defaultConfigurationName = Release;
		};
/* End XCConfigurationList section */
	};
	rootObject = 0D9127CA28DA151E00ACD5FA /* Project object */;
}
